{
    "name": "@geomtoy/doc",
    "version": "0.0.0",
    "lockfileVersion": 2,
    "requires": true,
    "packages": {
        "": {
            "name": "@geomtoy/doc",
            "version": "0.0.0",
            "license": "MIT",
            "devDependencies": {
                "katex": "^0.15.1",
                "typedoc": "^0.22.10",
                "typescript": "^4.5.4"
            }
        },
        "node_modules/balanced-match": {
            "version": "1.0.2",
            "resolved": "https://registry.npmmirror.com/balanced-match/download/balanced-match-1.0.2.tgz",
            "integrity": "sha1-6D46fj8wCzTLnYf2FfoMvzV2kO4=",
            "dev": true
        },
        "node_modules/brace-expansion": {
            "version": "1.1.11",
            "resolved": "https://registry.npmmirror.com/brace-expansion/download/brace-expansion-1.1.11.tgz",
            "integrity": "sha1-PH/L9SnYcibz0vUrlm/1Jx60Qd0=",
            "dev": true,
            "dependencies": {
                "balanced-match": "^1.0.0",
                "concat-map": "0.0.1"
            }
        },
        "node_modules/commander": {
            "version": "8.3.0",
            "resolved": "https://registry.npmmirror.com/commander/download/commander-8.3.0.tgz",
            "integrity": "sha512-OkTL9umf+He2DZkUq8f8J9of7yL6RJKI24dVITBmNfZBmri9zYZQrKkuXiKhyfPSu8tUhnVBB1iKXevvnlR4Ww==",
            "dev": true,
            "engines": {
                "node": ">= 12"
            }
        },
        "node_modules/concat-map": {
            "version": "0.0.1",
            "resolved": "https://registry.npmmirror.com/concat-map/download/concat-map-0.0.1.tgz",
            "integrity": "sha1-2Klr13/Wjfd5OnMDajug1UBdR3s=",
            "dev": true
        },
        "node_modules/fs.realpath": {
            "version": "1.0.0",
            "resolved": "https://registry.npmmirror.com/fs.realpath/download/fs.realpath-1.0.0.tgz",
            "integrity": "sha1-FQStJSMVjKpA20onh8sBQRmU6k8=",
            "dev": true
        },
        "node_modules/glob": {
            "version": "7.2.0",
            "resolved": "https://registry.npmmirror.com/glob/download/glob-7.2.0.tgz",
            "integrity": "sha512-lmLf6gtyrPq8tTjSmrO94wBeQbFR3HbLHbuyD69wuyQkImp2hWqMGB47OX65FBkPffO641IP9jWa1z4ivqG26Q==",
            "dev": true,
            "dependencies": {
                "fs.realpath": "^1.0.0",
                "inflight": "^1.0.4",
                "inherits": "2",
                "minimatch": "^3.0.4",
                "once": "^1.3.0",
                "path-is-absolute": "^1.0.0"
            },
            "engines": {
                "node": "*"
            }
        },
        "node_modules/inflight": {
            "version": "1.0.6",
            "resolved": "https://registry.npmmirror.com/inflight/download/inflight-1.0.6.tgz",
            "integrity": "sha1-Sb1jMdfQLQwJvJEKEHW6gWW1bfk=",
            "dev": true,
            "dependencies": {
                "once": "^1.3.0",
                "wrappy": "1"
            }
        },
        "node_modules/inherits": {
            "version": "2.0.4",
            "resolved": "https://registry.npmmirror.com/inherits/download/inherits-2.0.4.tgz",
            "integrity": "sha1-D6LGT5MpF8NDOg3tVTY6rjdBa3w=",
            "dev": true
        },
        "node_modules/jsonc-parser": {
            "version": "3.0.0",
            "resolved": "https://registry.npmmirror.com/jsonc-parser/download/jsonc-parser-3.0.0.tgz",
            "integrity": "sha1-q914VwHH5+rKip7IzwcMpRp0WiI=",
            "dev": true
        },
        "node_modules/katex": {
            "version": "0.15.1",
            "resolved": "https://registry.npmmirror.com/katex/download/katex-0.15.1.tgz?cache=0&sync_timestamp=1635844528052&other_urls=https%3A%2F%2Fregistry.npmmirror.com%2Fkatex%2Fdownload%2Fkatex-0.15.1.tgz",
            "integrity": "sha1-z0zi+hJXwyecx6f+DI0fq0CACJM=",
            "dev": true,
            "funding": [
                "https://opencollective.com/katex",
                "https://github.com/sponsors/katex"
            ],
            "license": "MIT",
            "dependencies": {
                "commander": "^8.0.0"
            },
            "bin": {
                "katex": "cli.js"
            }
        },
        "node_modules/lunr": {
            "version": "2.3.9",
            "resolved": "https://registry.npmmirror.com/lunr/download/lunr-2.3.9.tgz",
            "integrity": "sha1-GLEjFCgyM33W6WTfGlp3B7JdNeE=",
            "dev": true
        },
        "node_modules/marked": {
            "version": "3.0.8",
            "resolved": "https://registry.npmmirror.com/marked/download/marked-3.0.8.tgz",
            "integrity": "sha1-J4Xw3HnL3GA0vku08PCjlr0/ius=",
            "dev": true,
            "license": "MIT",
            "bin": {
                "marked": "bin/marked"
            },
            "engines": {
                "node": ">= 12"
            }
        },
        "node_modules/minimatch": {
            "version": "3.0.4",
            "resolved": "https://registry.npmmirror.com/minimatch/download/minimatch-3.0.4.tgz",
            "integrity": "sha1-UWbihkV/AzBgZL5Ul+jbsMPTIIM=",
            "dev": true,
            "dependencies": {
                "brace-expansion": "^1.1.7"
            },
            "engines": {
                "node": "*"
            }
        },
        "node_modules/once": {
            "version": "1.4.0",
            "resolved": "https://registry.npmmirror.com/once/download/once-1.4.0.tgz",
            "integrity": "sha1-WDsap3WWHUsROsF9nFC6753Xa9E=",
            "dev": true,
            "dependencies": {
                "wrappy": "1"
            }
        },
        "node_modules/path-is-absolute": {
            "version": "1.0.1",
            "resolved": "https://registry.npmmirror.com/path-is-absolute/download/path-is-absolute-1.0.1.tgz",
            "integrity": "sha1-F0uSaHNVNP+8es5r9TpanhtcX18=",
            "dev": true,
            "engines": {
                "node": ">=0.10.0"
            }
        },
        "node_modules/shiki": {
            "version": "0.9.15",
            "resolved": "https://registry.npmmirror.com/shiki/download/shiki-0.9.15.tgz",
            "integrity": "sha512-/Y0z9IzhJ8nD9nbceORCqu6NgT9X6I8Fk8c3SICHI5NbZRLdZYFaB233gwct9sU0vvSypyaL/qaKvzyQGJBZSw==",
            "dev": true,
            "dependencies": {
                "jsonc-parser": "^3.0.0",
                "vscode-oniguruma": "^1.6.1",
                "vscode-textmate": "5.2.0"
            }
        },
        "node_modules/typedoc": {
            "version": "0.22.10",
            "resolved": "https://registry.npmmirror.com/typedoc/download/typedoc-0.22.10.tgz",
            "integrity": "sha512-hQYZ4WtoMZ61wDC6w10kxA42+jclWngdmztNZsDvIz7BMJg7F2xnT+uYsUa7OluyKossdFj9E9Ye4QOZKTy8SA==",
            "dev": true,
            "dependencies": {
                "glob": "^7.2.0",
                "lunr": "^2.3.9",
                "marked": "^3.0.8",
                "minimatch": "^3.0.4",
                "shiki": "^0.9.12"
            },
            "bin": {
                "typedoc": "bin/typedoc"
            },
            "engines": {
                "node": ">= 12.10.0"
            },
            "peerDependencies": {
                "typescript": "4.0.x || 4.1.x || 4.2.x || 4.3.x || 4.4.x || 4.5.x"
            }
        },
        "node_modules/typescript": {
            "version": "4.5.4",
            "resolved": "https://registry.npmmirror.com/typescript/download/typescript-4.5.4.tgz",
            "integrity": "sha512-VgYs2A2QIRuGphtzFV7aQJduJ2gyfTljngLzjpfW9FoYZF6xuw1W0vW9ghCKLfcWrCFxK81CSGRAvS1pn4fIUg==",
            "dev": true,
            "bin": {
                "tsc": "bin/tsc",
                "tsserver": "bin/tsserver"
            },
            "engines": {
                "node": ">=4.2.0"
            }
        },
        "node_modules/vscode-oniguruma": {
            "version": "1.6.1",
            "resolved": "https://registry.npmmirror.com/vscode-oniguruma/download/vscode-oniguruma-1.6.1.tgz",
            "integrity": "sha512-vc4WhSIaVpgJ0jJIejjYxPvURJavX6QG41vu0mGhqywMkQqulezEqEQ3cO3gc8GvcOpX6ycmKGqRoROEMBNXTQ==",
            "dev": true
        },
        "node_modules/vscode-textmate": {
            "version": "5.2.0",
            "resolved": "https://registry.npmmirror.com/vscode-textmate/download/vscode-textmate-5.2.0.tgz",
            "integrity": "sha1-AfAXYKOR6CIv5PM/vMvRrXGu104=",
            "dev": true
        },
        "node_modules/wrappy": {
            "version": "1.0.2",
            "resolved": "https://registry.npmmirror.com/wrappy/download/wrappy-1.0.2.tgz",
            "integrity": "sha1-tSQ9jz7BqjXxNkYFvA0QNuMKtp8=",
            "dev": true
        }
    },
    "dependencies": {
        "balanced-match": {
            "version": "1.0.2",
            "resolved": "https://registry.npmmirror.com/balanced-match/download/balanced-match-1.0.2.tgz",
            "integrity": "sha1-6D46fj8wCzTLnYf2FfoMvzV2kO4=",
            "dev": true
        },
        "brace-expansion": {
            "version": "1.1.11",
            "resolved": "https://registry.npmmirror.com/brace-expansion/download/brace-expansion-1.1.11.tgz",
            "integrity": "sha1-PH/L9SnYcibz0vUrlm/1Jx60Qd0=",
            "dev": true,
            "requires": {
                "balanced-match": "^1.0.0",
                "concat-map": "0.0.1"
            }
        },
        "commander": {
            "version": "8.3.0",
            "resolved": "https://registry.npmmirror.com/commander/download/commander-8.3.0.tgz",
            "integrity": "sha512-OkTL9umf+He2DZkUq8f8J9of7yL6RJKI24dVITBmNfZBmri9zYZQrKkuXiKhyfPSu8tUhnVBB1iKXevvnlR4Ww==",
            "dev": true
        },
        "concat-map": {
            "version": "0.0.1",
            "resolved": "https://registry.npmmirror.com/concat-map/download/concat-map-0.0.1.tgz",
            "integrity": "sha1-2Klr13/Wjfd5OnMDajug1UBdR3s=",
            "dev": true
        },
        "fs.realpath": {
            "version": "1.0.0",
            "resolved": "https://registry.npmmirror.com/fs.realpath/download/fs.realpath-1.0.0.tgz",
            "integrity": "sha1-FQStJSMVjKpA20onh8sBQRmU6k8=",
            "dev": true
        },
        "glob": {
            "version": "7.2.0",
            "resolved": "https://registry.npmmirror.com/glob/download/glob-7.2.0.tgz",
            "integrity": "sha512-lmLf6gtyrPq8tTjSmrO94wBeQbFR3HbLHbuyD69wuyQkImp2hWqMGB47OX65FBkPffO641IP9jWa1z4ivqG26Q==",
            "dev": true,
            "requires": {
                "fs.realpath": "^1.0.0",
                "inflight": "^1.0.4",
                "inherits": "2",
                "minimatch": "^3.0.4",
                "once": "^1.3.0",
                "path-is-absolute": "^1.0.0"
            }
        },
        "inflight": {
            "version": "1.0.6",
            "resolved": "https://registry.npmmirror.com/inflight/download/inflight-1.0.6.tgz",
            "integrity": "sha1-Sb1jMdfQLQwJvJEKEHW6gWW1bfk=",
            "dev": true,
            "requires": {
                "once": "^1.3.0",
                "wrappy": "1"
            }
        },
        "inherits": {
            "version": "2.0.4",
            "resolved": "https://registry.npmmirror.com/inherits/download/inherits-2.0.4.tgz",
            "integrity": "sha1-D6LGT5MpF8NDOg3tVTY6rjdBa3w=",
            "dev": true
        },
        "jsonc-parser": {
            "version": "3.0.0",
            "resolved": "https://registry.npmmirror.com/jsonc-parser/download/jsonc-parser-3.0.0.tgz",
            "integrity": "sha1-q914VwHH5+rKip7IzwcMpRp0WiI=",
            "dev": true
        },
        "katex": {
            "version": "0.15.1",
            "resolved": "https://registry.npmmirror.com/katex/download/katex-0.15.1.tgz?cache=0&sync_timestamp=1635844528052&other_urls=https%3A%2F%2Fregistry.npmmirror.com%2Fkatex%2Fdownload%2Fkatex-0.15.1.tgz",
            "integrity": "sha1-z0zi+hJXwyecx6f+DI0fq0CACJM=",
            "dev": true,
            "requires": {
                "commander": "^8.0.0"
            }
        },
        "lunr": {
            "version": "2.3.9",
            "resolved": "https://registry.npmmirror.com/lunr/download/lunr-2.3.9.tgz",
            "integrity": "sha1-GLEjFCgyM33W6WTfGlp3B7JdNeE=",
            "dev": true
        },
        "marked": {
            "version": "3.0.8",
            "resolved": "https://registry.npmmirror.com/marked/download/marked-3.0.8.tgz",
            "integrity": "sha1-J4Xw3HnL3GA0vku08PCjlr0/ius=",
            "dev": true
        },
        "minimatch": {
            "version": "3.0.4",
            "resolved": "https://registry.npmmirror.com/minimatch/download/minimatch-3.0.4.tgz",
            "integrity": "sha1-UWbihkV/AzBgZL5Ul+jbsMPTIIM=",
            "dev": true,
            "requires": {
                "brace-expansion": "^1.1.7"
            }
        },
        "once": {
            "version": "1.4.0",
            "resolved": "https://registry.npmmirror.com/once/download/once-1.4.0.tgz",
            "integrity": "sha1-WDsap3WWHUsROsF9nFC6753Xa9E=",
            "dev": true,
            "requires": {
                "wrappy": "1"
            }
        },
        "path-is-absolute": {
            "version": "1.0.1",
            "resolved": "https://registry.npmmirror.com/path-is-absolute/download/path-is-absolute-1.0.1.tgz",
            "integrity": "sha1-F0uSaHNVNP+8es5r9TpanhtcX18=",
            "dev": true
        },
        "shiki": {
            "version": "0.9.15",
            "resolved": "https://registry.npmmirror.com/shiki/download/shiki-0.9.15.tgz",
            "integrity": "sha512-/Y0z9IzhJ8nD9nbceORCqu6NgT9X6I8Fk8c3SICHI5NbZRLdZYFaB233gwct9sU0vvSypyaL/qaKvzyQGJBZSw==",
            "dev": true,
            "requires": {
                "jsonc-parser": "^3.0.0",
                "vscode-oniguruma": "^1.6.1",
                "vscode-textmate": "5.2.0"
            }
        },
        "typedoc": {
            "version": "0.22.10",
            "resolved": "https://registry.npmmirror.com/typedoc/download/typedoc-0.22.10.tgz",
            "integrity": "sha512-hQYZ4WtoMZ61wDC6w10kxA42+jclWngdmztNZsDvIz7BMJg7F2xnT+uYsUa7OluyKossdFj9E9Ye4QOZKTy8SA==",
            "dev": true,
            "requires": {
                "glob": "^7.2.0",
                "lunr": "^2.3.9",
                "marked": "^3.0.8",
                "minimatch": "^3.0.4",
                "shiki": "^0.9.12"
            }
        },
        "typescript": {
            "version": "4.5.4",
            "resolved": "https://registry.npmmirror.com/typescript/download/typescript-4.5.4.tgz",
            "integrity": "sha512-VgYs2A2QIRuGphtzFV7aQJduJ2gyfTljngLzjpfW9FoYZF6xuw1W0vW9ghCKLfcWrCFxK81CSGRAvS1pn4fIUg==",
            "dev": true
        },
        "vscode-oniguruma": {
            "version": "1.6.1",
            "resolved": "https://registry.npmmirror.com/vscode-oniguruma/download/vscode-oniguruma-1.6.1.tgz",
            "integrity": "sha512-vc4WhSIaVpgJ0jJIejjYxPvURJavX6QG41vu0mGhqywMkQqulezEqEQ3cO3gc8GvcOpX6ycmKGqRoROEMBNXTQ==",
            "dev": true
        },
        "vscode-textmate": {
            "version": "5.2.0",
            "resolved": "https://registry.npmmirror.com/vscode-textmate/download/vscode-textmate-5.2.0.tgz",
            "integrity": "sha1-AfAXYKOR6CIv5PM/vMvRrXGu104=",
            "dev": true
        },
        "wrappy": {
            "version": "1.0.2",
            "resolved": "https://registry.npmmirror.com/wrappy/download/wrappy-1.0.2.tgz",
            "integrity": "sha1-tSQ9jz7BqjXxNkYFvA0QNuMKtp8=",
            "dev": true
        }
    }
}
